
Microsoft Visual Studio Solution File, Format Version 12.00
# Visual Studio 15
VisualStudioVersion = 15.0.27130.2027
MinimumVisualStudioVersion = 10.0.40219.1
Project("{9A19103F-16F7-4668-BE54-9A1E7A4F7556}") = "OMZ.Blog.Entities", "OMZ.Blog.Entities\OMZ.Blog.Entities.csproj", "{5105426A-B482-4F06-B21E-F46E78F4F111}"
EndProject
Project("{9A19103F-16F7-4668-BE54-9A1E7A4F7556}") = "OMZ.Blog.Services", "OMZ.Blog.Services\OMZ.Blog.Services.csproj", "{9BF26AE4-6995-4528-A956-A965105E38FA}"
EndProject
Project("{FAE04EC0-301F-11D3-BF4B-00C04F79EFBC}") = "OMZ.Blog.API", "OMZ.Blog.API\OMZ.Blog.API.csproj", "{2A28E88E-A7A3-4EAE-9A42-79CC0BE530E4}"
EndProject
Project("{FAE04EC0-301F-11D3-BF4B-00C04F79EFBC}") = "OMZ.Blog.API.Tests", "OMZ.Blog.API.Tests\OMZ.Blog.API.Tests.csproj", "{68AEC369-1332-4B93-BBA0-FA35ABFD0C9D}"
EndProject
Global
	GlobalSection(SolutionConfigurationPlatforms) = preSolution
		Debug|Any CPU = Debug|Any CPU
		Release|Any CPU = Release|Any CPU
	EndGlobalSection
	GlobalSection(ProjectConfigurationPlatforms) = postSolution
		{5105426A-B482-4F06-B21E-F46E78F4F111}.Debug|Any CPU.ActiveCfg = Debug|Any CPU
		{5105426A-B482-4F06-B21E-F46E78F4F111}.Debug|Any CPU.Build.0 = Debug|Any CPU
		{5105426A-B482-4F06-B21E-F46E78F4F111}.Release|Any CPU.ActiveCfg = Release|Any CPU
		{5105426A-B482-4F06-B21E-F46E78F4F111}.Release|Any CPU.Build.0 = Release|Any CPU
		{9BF26AE4-6995-4528-A956-A965105E38FA}.Debug|Any CPU.ActiveCfg = Debug|Any CPU
		{9BF26AE4-6995-4528-A956-A965105E38FA}.Debug|Any CPU.Build.0 = Debug|Any CPU
		{9BF26AE4-6995-4528-A956-A965105E38FA}.Release|Any CPU.ActiveCfg = Release|Any CPU
		{9BF26AE4-6995-4528-A956-A965105E38FA}.Release|Any CPU.Build.0 = Release|Any CPU
		{2A28E88E-A7A3-4EAE-9A42-79CC0BE530E4}.Debug|Any CPU.ActiveCfg = Debug|Any CPU
		{2A28E88E-A7A3-4EAE-9A42-79CC0BE530E4}.Debug|Any CPU.Build.0 = Debug|Any CPU
		{2A28E88E-A7A3-4EAE-9A42-79CC0BE530E4}.Release|Any CPU.ActiveCfg = Release|Any CPU
		{2A28E88E-A7A3-4EAE-9A42-79CC0BE530E4}.Release|Any CPU.Build.0 = Release|Any CPU
		{68AEC369-1332-4B93-BBA0-FA35ABFD0C9D}.Debug|Any CPU.ActiveCfg = Debug|Any CPU
		{68AEC369-1332-4B93-BBA0-FA35ABFD0C9D}.Debug|Any CPU.Build.0 = Debug|Any CPU
		{68AEC369-1332-4B93-BBA0-FA35ABFD0C9D}.Release|Any CPU.ActiveCfg = Release|Any CPU
		{68AEC369-1332-4B93-BBA0-FA35ABFD0C9D}.Release|Any CPU.Build.0 = Release|Any CPU
	EndGlobalSection
	GlobalSection(SolutionProperties) = preSolution
		HideSolutionNode = FALSE
	EndGlobalSection
	GlobalSection(ExtensibilityGlobals) = postSolution
		SolutionGuid = {EE4E0075-E957-43F9-81E0-ADEB217D09C8}
	EndGlobalSection
EndGlobal
